<?xml version="1.0" encoding="utf-8"?>
<Project ToolsVersion="4.0" xmlns="http://schemas.microsoft.com/developer/msbuild/2003">
  <ItemGroup>
    <Filter Include="toaster">
      <UniqueIdentifier>{fda9f2ff-4a2f-4e26-a62d-36648017a80a}</UniqueIdentifier>
    </Filter>
    <Filter Include="imgui">
      <UniqueIdentifier>{4576da82-0a13-49d7-8f8b-00cd51fe996a}</UniqueIdentifier>
    </Filter>
    <Filter Include="drawing">
      <UniqueIdentifier>{a285ed4e-b9bc-4b5e-8026-9eaf26a81624}</UniqueIdentifier>
    </Filter>
    <Filter Include="Cimg">
      <UniqueIdentifier>{33d8d6f5-b5bf-458d-a57d-f024b143327c}</UniqueIdentifier>
    </Filter>
    <Filter Include="dirent">
      <UniqueIdentifier>{c14c718e-6e34-4906-9324-25d21ed7c350}</UniqueIdentifier>
    </Filter>
    <Filter Include="mci">
      <UniqueIdentifier>{edc8566f-2d90-431d-992f-f1ca40b5d202}</UniqueIdentifier>
    </Filter>
    <Filter Include="fonts">
      <UniqueIdentifier>{e10ae2e7-b8cd-4bde-ba5b-23a8956d540b}</UniqueIdentifier>
    </Filter>
    <Filter Include="Resource Files">
      <UniqueIdentifier>{2394cc47-a1f4-4b30-89a1-f9057bb4caa7}</UniqueIdentifier>
    </Filter>
  </ItemGroup>
  <ItemGroup>
    <ClCompile Include="toaster\PixelToaster.cpp">
      <Filter>toaster</Filter>
    </ClCompile>
    <ClCompile Include="imgui\imgui.cpp">
      <Filter>imgui</Filter>
    </ClCompile>
    <ClCompile Include="imgui\imgui_draw.cpp">
      <Filter>imgui</Filter>
    </ClCompile>
    <ClCompile Include="drawing.cpp">
      <Filter>drawing</Filter>
    </ClCompile>
    <ClCompile Include="main.cpp" />
    <ClCompile Include="imgui\imgui_demo.cpp">
      <Filter>imgui</Filter>
    </ClCompile>
    <ClCompile Include="mci.cpp">
      <Filter>mci</Filter>
    </ClCompile>
    <ClCompile Include="font.cpp">
      <Filter>fonts</Filter>
    </ClCompile>
    <ClCompile Include="font_5x7.cpp">
      <Filter>fonts</Filter>
    </ClCompile>
    <ClCompile Include="font_8x8.cpp">
      <Filter>fonts</Filter>
    </ClCompile>
    <ClCompile Include="font_8x13.cpp">
      <Filter>fonts</Filter>
    </ClCompile>
  </ItemGroup>
  <ItemGroup>
    <ClInclude Include="toaster\PixelToaster.h">
      <Filter>toaster</Filter>
    </ClInclude>
    <ClInclude Include="toaster\PixelToasterCommon.h">
      <Filter>toaster</Filter>
    </ClInclude>
    <ClInclude Include="toaster\PixelToasterConversion.h">
      <Filter>toaster</Filter>
    </ClInclude>
    <ClInclude Include="toaster\PixelToasterWindows.h">
      <Filter>toaster</Filter>
    </ClInclude>
    <ClInclude Include="imgui\imconfig.h">
      <Filter>imgui</Filter>
    </ClInclude>
    <ClInclude Include="imgui\imgui.h">
      <Filter>imgui</Filter>
    </ClInclude>
    <ClInclude Include="imgui\imgui_internal.h">
      <Filter>imgui</Filter>
    </ClInclude>
    <ClInclude Include="imgui\stb_rect_pack.h">
      <Filter>imgui</Filter>
    </ClInclude>
    <ClInclude Include="imgui\stb_textedit.h">
      <Filter>imgui</Filter>
    </ClInclude>
    <ClInclude Include="imgui\stb_truetype.h">
      <Filter>imgui</Filter>
    </ClInclude>
    <ClInclude Include="drawing.h">
      <Filter>drawing</Filter>
    </ClInclude>
    <ClInclude Include="Cimg\CImg.h">
      <Filter>Cimg</Filter>
    </ClInclude>
    <ClInclude Include="dirent.h">
      <Filter>dirent</Filter>
    </ClInclude>
    <ClInclude Include="mci.h">
      <Filter>mci</Filter>
    </ClInclude>
    <ClInclude Include="font.h">
      <Filter>fonts</Filter>
    </ClInclude>
    <ClInclude Include="resource.h">
      <Filter>Resource Files</Filter>
    </ClInclude>
  </ItemGroup>
  <ItemGroup>
    <Image Include="small.ico">
      <Filter>Resource Files</Filter>
    </Image>
    <Image Include="WinApp.ico">
      <Filter>Resource Files</Filter>
    </Image>
  </ItemGroup>
  <ItemGroup>
    <ResourceCompile Include="ascii-render.rc">
      <Filter>Resource Files</Filter>
    </ResourceCompile>
  </ItemGroup>
</Project>